
Microsoft Visual Studio Solution File, Format Version 12.00
# Visual Studio Version 16
VisualStudioVersion = 16.0.30717.126
MinimumVisualStudioVersion = 10.0.40219.1
Project("{FAE04EC0-301F-11D3-BF4B-00C04F79EFBC}") = "SudokuSolverChallenge", "SudokuSolverChallenge\SudokuSolverChallenge.csproj", "{B255BADC-2BBE-4B49-A035-AD323F0706C5}"
EndProject
Global
	GlobalSection(SolutionConfigurationPlatforms) = preSolution
		Debug|Any CPU = Debug|Any CPU
		Release|Any CPU = Release|Any CPU
	EndGlobalSection
	GlobalSection(ProjectConfigurationPlatforms) = postSolution
		{B255BADC-2BBE-4B49-A035-AD323F0706C5}.Debug|Any CPU.ActiveCfg = Debug|Any CPU
		{B255BADC-2BBE-4B49-A035-AD323F0706C5}.Debug|Any CPU.Build.0 = Debug|Any CPU
		{B255BADC-2BBE-4B49-A035-AD323F0706C5}.Release|Any CPU.ActiveCfg = Release|Any CPU
		{B255BADC-2BBE-4B49-A035-AD323F0706C5}.Release|Any CPU.Build.0 = Release|Any CPU
	EndGlobalSection
	GlobalSection(SolutionProperties) = preSolution
		HideSolutionNode = FALSE
	EndGlobalSection
	GlobalSection(ExtensibilityGlobals) = postSolution
		SolutionGuid = {47497BC6-7292-4760-8C3B-66E86F16D9CE}
	EndGlobalSection
EndGlobal
